{
  "lockfile_version": "1",
  "packages": {
    "github:NixOS/nixpkgs/nixpkgs-unstable": {
      "last_modified": "2026-05-25T07:42:19Z",
      "resolved": "github:NixOS/nixpkgs/f9d8b65950353691ab56561e7c73d2e1063d810b?lastModified=1779694939&narHash=sha256-Ly4j75O8ICaSQx3uxPnwk2x7PMF0XQvn5r0c3yBA7FI%3D"
    },
    "go@1.26": {
      "last_modified": "2026-04-23T13:07:47Z",
      "resolved": "github:NixOS/nixpkgs/01fbdeef22b76df85ea168fbfe1bfd9e63681b30#go",
      "source": "devbox-search",
      "version": "1.26.2",
      "systems": {
        "aarch64-darwin": {
          "outputs": [
            {
              "name": "out",
              "path": "/nix/store/fkzywh7rg8lg1n2p0r161iqjwhz540wx-go-1.26.2",
              "default": true
            }
          ],
          "store_path": "/nix/store/fkzywh7rg8lg1n2p0r161iqjwhz540wx-go-1.26.2"
        },
        "aarch64-linux": {
          "outputs": [
            {
              "name": "out",
              "path": "/nix/store/w4i7p78y3735jcy69sk4lcy9zyxr0cav-go-1.26.2",
              "default": true
            }
          ],
          "store_path": "/nix/store/w4i7p78y3735jcy69sk4lcy9zyxr0cav-go-1.26.2"
        },
        "x86_64-darwin": {
          "outputs": [
            {
              "name": "out",
              "path": "/nix/store/g0b45l45nlb1kqiywzja7fh49yn7lla5-go-1.26.2",
              "default": true
            }
          ],
          "store_path": "/nix/store/g0b45l45nlb1kqiywzja7fh49yn7lla5-go-1.26.2"
        },
        "x86_64-linux": {
          "outputs": [
            {
              "name": "out",
              "path": "/nix/store/dimnagks1qsp7180yw74z0npp7z2ihs3-go-1.26.2",
              "default": true
            }
          ],
          "store_path": "/nix/store/dimnagks1qsp7180yw74z0npp7z2ihs3-go-1.26.2"
        }
      }
    },
    "nodejs-slim_22@22.23.2": {
      "last_modified": "2026-08-27T07:16:00Z",
      "plugin_version": "0.0.4",
      "resolved": "github:NixOS/nixpkgs/c27cdad491a991b11ed731760aa2ef8db0cb0410#nodejs-slim_22",
      "source": "devbox-search",
      "version": "22.23.2",
      "systems": {
        "aarch64-darwin": {
          "outputs": [
            {
              "name": "out",
              "path": "/nix/store/cszc64x273c2nm8ykgszj2rbv39vyf3g-nodejs-slim-22.23.2",
              "default": true
            },
            {
              "name": "corepack",
              "path": "/nix/store/37hk0hrjjcg6agw1mra3lgllmb0lri1n-nodejs-slim-22.23.2-corepack"
            },
            {
              "name": "dev",
              "path": "/nix/store/9j37m2vrra0ag48415x67il93fm48h42-nodejs-slim-22.23.2-dev"
            },
            {
              "name": "libv8",
              "path": "/nix/store/2p0nhah6lw8pf0qdym94139sy1x9g5b5-nodejs-slim-22.23.2-libv8"
            },
            {
              "name": "npm",
              "path": "/nix/store/vq0jh548hhxbwrxbwhq0w3j36dc16yg7-nodejs-slim-22.23.2-npm"
            }
          ],
          "store_path": "/nix/store/cszc64x273c2nm8ykgszj2rbv39vyf3g-nodejs-slim-22.23.2"
        },
        "aarch64-linux": {
          "outputs": [
            {
              "name": "out",
              "path": "/nix/store/vkvc6c5aclsym20h5an08h9251ambj3s-nodejs-slim-22.23.2",
              "default": true
            },
            {
              "name": "dev",
              "path": "/nix/store/fns3ddwnpjdi353aq78b1dgyszrqbvyz-nodejs-slim-22.23.2-dev"
            },
            {
              "name": "libv8",
              "path": "/nix/store/10963vh65dg44siwp595pm56hfh1lvzz-nodejs-slim-22.23.2-libv8"
            },
            {
              "name": "npm",
              "path": "/nix/store/79z8gnvmyz096aihpxg2lrgjasfrp557-nodejs-slim-22.23.2-npm"
            },
            {
              "name": "corepack",
              "path": "/nix/store/afl7dmc3r7ryq2l145qaibx6726zv3fi-nodejs-slim-22.23.2-corepack"
            }
          ],
          "store_path": "/nix/store/vkvc6c5aclsym20h5an08h9251ambj3s-nodejs-slim-22.23.2"
        },
        "x86_64-linux": {
          "outputs": [
            {
              "name": "out",
              "path": "/nix/store/2gd4h12irmnanhg33md2rpjygrsj5ypb-nodejs-slim-22.23.2",
              "default": true
            },
            {
              "name": "npm",
              "path": "/nix/store/6xnmrdynhysdn5xmpcmyyz5w04jx4hxp-nodejs-slim-22.23.2-npm"
            },
            {
              "name": "corepack",
              "path": "/nix/store/qlyqashzqyjyf55y8v2wg17zndkqsy3y-nodejs-slim-22.23.2-corepack"
            },
            {
              "name": "dev",
              "path": "/nix/store/skdwi80xj0zz5c7ri7dp04h85pfrvhdv-nodejs-slim-22.23.2-dev"
            },
            {
              "name": "libv8",
              "path": "/nix/store/nbcny77xbgbm0z0k7cjzvjlhvfpwcm4f-nodejs-slim-22.23.2-libv8"
            }
          ],
          "store_path": "/nix/store/2gd4h12irmnanhg33md2rpjygrsj5ypb-nodejs-slim-22.23.2"
        }
      }
    },
    "python312@3.12": {
      "last_modified": "2026-04-23T13:07:47Z",
      "plugin_version": "0.0.5",
      "resolved": "github:NixOS/nixpkgs/01fbdeef22b76df85ea168fbfe1bfd9e63681b30#python312",
      "source": "devbox-search",
      "version": "3.12.13",
      "systems": {
        "aarch64-darwin": {
          "outputs": [
            {
              "name": "out",
              "path": "/nix/store/fn6fnl5cg8qnsn1xn3lwaahk48vyw9l7-python3-3.12.13",
              "default": true
            }
          ],
          "store_path": "/nix/store/fn6fnl5cg8qnsn1xn3lwaahk48vyw9l7-python3-3.12.13"
        },
        "aarch64-linux": {
          "outputs": [
            {
              "name": "out",
              "path": "/nix/store/jczbi6lb8vws7zc251v47bpijh805lyg-python3-3.12.13",
              "default": true
            },
            {
              "name": "debug",
              "path": "/nix/store/2x5zchy1i0bprgxdvn5crjjmc4dw83p1-python3-3.12.13-debug"
            }
          ],
          "store_path": "/nix/store/jczbi6lb8vws7zc251v47bpijh805lyg-python3-3.12.13"
        },
        "x86_64-darwin": {
          "outputs": [
            {
              "name": "out",
              "path": "/nix/store/074rsjnaz8sf3xdf09a16zcw1qf8cj81-python3-3.12.13",
              "default": true
            }
          ],
          "store_path": "/nix/store/074rsjnaz8sf3xdf09a16zcw1qf8cj81-python3-3.12.13"
        },
        "x86_64-linux": {
          "outputs": [
            {
              "name": "out",
              "path": "/nix/store/h3q2g9wq4x3q84164qsfm3lz5djj0bf3-python3-3.12.13",
              "default": true
            },
            {
              "name": "debug",
              "path": "/nix/store/8hjni6450l0l4m5cvlxjb6wn7r0ynffl-python3-3.12.13-debug"
            }
          ],
          "store_path": "/nix/store/h3q2g9wq4x3q84164qsfm3lz5djj0bf3-python3-3.12.13"
        }
      }
    },
    "yarn@1.22": {
      "last_modified": "2026-04-23T13:07:47Z",
      "resolved": "github:NixOS/nixpkgs/01fbdeef22b76df85ea168fbfe1bfd9e63681b30#yarn",
      "source": "devbox-search",
      "version": "1.22.22",
      "systems": {
        "aarch64-darwin": {
          "outputs": [
            {
              "name": "out",
              "path": "/nix/store/mv0c99igkh2hs9rcp6xq7473ws901byw-yarn-1.22.22",
              "default": true
            }
          ],
          "store_path": "/nix/store/mv0c99igkh2hs9rcp6xq7473ws901byw-yarn-1.22.22"
        },
        "aarch64-linux": {
          "outputs": [
            {
              "name": "out",
              "path": "/nix/store/6763b92297klnng7k1g7n93i09rbffxi-yarn-1.22.22",
              "default": true
            }
          ],
          "store_path": "/nix/store/6763b92297klnng7k1g7n93i09rbffxi-yarn-1.22.22"
        },
        "x86_64-darwin": {
          "outputs": [
            {
              "name": "out",
              "path": "/nix/store/qfva5zmyh99x2vi5axlxk3hncyfwbzmj-yarn-1.22.22",
              "default": true
            }
          ],
          "store_path": "/nix/store/qfva5zmyh99x2vi5axlxk3hncyfwbzmj-yarn-1.22.22"
        },
        "x86_64-linux": {
          "outputs": [
            {
              "name": "out",
              "path": "/nix/store/cmj87b2g1l41mg311w5s68dl4s7c1g1z-yarn-1.22.22",
              "default": true
            }
          ],
          "store_path": "/nix/store/cmj87b2g1l41mg311w5s68dl4s7c1g1z-yarn-1.22.22"
        }
      }
    }
  }
}
