{
  "lockfile_version": "1",
  "packages": {
    "github:NixOS/nixpkgs/nixpkgs-unstable": {
      "last_modified": "2026-05-25T07:42:19Z",
      "resolved": "github:NixOS/nixpkgs/f9d8b65950353691ab56561e7c73d2e1063d810b?lastModified=1779694939&narHash=sha256-Ly4j75O8ICaSQx3uxPnwk2x7PMF0XQvn5r0c3yBA7FI%3D"
    },
    "go@1.26": {
      "last_modified": "2026-04-23T13:07:47Z",
      "resolved": "github:NixOS/nixpkgs/01fbdeef22b76df85ea168fbfe1bfd9e63681b30#go",
      "source": "devbox-search",
      "version": "1.26.2",
      "systems": {
        "aarch64-darwin": {
          "outputs": [
            {
              "name": "out",
              "path": "/nix/store/fkzywh7rg8lg1n2p0r161iqjwhz540wx-go-1.26.2",
              "default": true
            }
          ],
          "store_path": "/nix/store/fkzywh7rg8lg1n2p0r161iqjwhz540wx-go-1.26.2"
        },
        "aarch64-linux": {
          "outputs": [
            {
              "name": "out",
              "path": "/nix/store/w4i7p78y3735jcy69sk4lcy9zyxr0cav-go-1.26.2",
              "default": true
            }
          ],
          "store_path": "/nix/store/w4i7p78y3735jcy69sk4lcy9zyxr0cav-go-1.26.2"
        },
        "x86_64-darwin": {
          "outputs": [
            {
              "name": "out",
              "path": "/nix/store/g0b45l45nlb1kqiywzja7fh49yn7lla5-go-1.26.2",
              "default": true
            }
          ],
          "store_path": "/nix/store/g0b45l45nlb1kqiywzja7fh49yn7lla5-go-1.26.2"
        },
        "x86_64-linux": {
          "outputs": [
            {
              "name": "out",
              "path": "/nix/store/dimnagks1qsp7180yw74z0npp7z2ihs3-go-1.26.2",
              "default": true
            }
          ],
          "store_path": "/nix/store/dimnagks1qsp7180yw74z0npp7z2ihs3-go-1.26.2"
        }
      }
    },
    "nodejs-slim_22@latest": {
      "last_modified": "2026-05-20T06:38:13Z",
      "plugin_version": "0.0.4",
      "resolved": "github:NixOS/nixpkgs/d99b013d5d1931ad77fe3912ed218170dec5d9a4#nodejs-slim_22",
      "source": "devbox-search",
      "version": "22.22.3",
      "systems": {
        "aarch64-darwin": {
          "outputs": [
            {
              "name": "out",
              "path": "/nix/store/m73kcssdrviw0jabgrvqb87k4sd7h8qv-nodejs-slim-22.22.3",
              "default": true
            },
            {
              "name": "npm",
              "path": "/nix/store/5n44j43015ganwfymjja39v9cds4zs73-nodejs-slim-22.22.3-npm"
            },
            {
              "name": "corepack",
              "path": "/nix/store/fw14hw0hxsahamb3lh9x793fwy9xyk45-nodejs-slim-22.22.3-corepack"
            },
            {
              "name": "dev",
              "path": "/nix/store/sbsmmpq77sv232jwp48g657cadcjsjm6-nodejs-slim-22.22.3-dev"
            },
            {
              "name": "libv8",
              "path": "/nix/store/ll8r9b55sf93b47ymsdkgz5w2gym4x6h-nodejs-slim-22.22.3-libv8"
            }
          ],
          "store_path": "/nix/store/m73kcssdrviw0jabgrvqb87k4sd7h8qv-nodejs-slim-22.22.3"
        },
        "aarch64-linux": {
          "outputs": [
            {
              "name": "out",
              "path": "/nix/store/3cfcr8bbnl8rhmfw048nniyqf0ns886g-nodejs-slim-22.22.3",
              "default": true
            },
            {
              "name": "corepack",
              "path": "/nix/store/vp3xykss76ldrwiprfpyv31x7cnmxb6v-nodejs-slim-22.22.3-corepack"
            },
            {
              "name": "dev",
              "path": "/nix/store/m47z44m572bdwdbvc6l4nzpidki092xx-nodejs-slim-22.22.3-dev"
            },
            {
              "name": "libv8",
              "path": "/nix/store/fqhp12nl2il52p92xy675jsj881s1np9-nodejs-slim-22.22.3-libv8"
            },
            {
              "name": "npm",
              "path": "/nix/store/s3x5z2f2q5a7i9r3xkh3b19jssy4zj3h-nodejs-slim-22.22.3-npm"
            }
          ],
          "store_path": "/nix/store/3cfcr8bbnl8rhmfw048nniyqf0ns886g-nodejs-slim-22.22.3"
        },
        "x86_64-darwin": {
          "outputs": [
            {
              "name": "out",
              "path": "/nix/store/p28mw1qv5rc881kfjpxh25cgqvx9jbik-nodejs-slim-22.22.3",
              "default": true
            },
            {
              "name": "corepack",
              "path": "/nix/store/ir9gj6950yi1cz181v9cync43cbaqr0i-nodejs-slim-22.22.3-corepack"
            },
            {
              "name": "dev",
              "path": "/nix/store/h2w76dry0wwqy0yr7m1095dq7bxbymry-nodejs-slim-22.22.3-dev"
            },
            {
              "name": "libv8",
              "path": "/nix/store/zx4hnpfr1sprddwhb93zx24gmkx272zk-nodejs-slim-22.22.3-libv8"
            },
            {
              "name": "npm",
              "path": "/nix/store/iivy0c4hghn7j8y2ii01zi5ihwxkgzpg-nodejs-slim-22.22.3-npm"
            }
          ],
          "store_path": "/nix/store/p28mw1qv5rc881kfjpxh25cgqvx9jbik-nodejs-slim-22.22.3"
        },
        "x86_64-linux": {
          "outputs": [
            {
              "name": "out",
              "path": "/nix/store/hg9gim17bmvbq53d11p4gp03yfmmb82b-nodejs-slim-22.22.3",
              "default": true
            },
            {
              "name": "corepack",
              "path": "/nix/store/xd3sxiw7n02qjxn4jphk4hfzysfj675a-nodejs-slim-22.22.3-corepack"
            },
            {
              "name": "dev",
              "path": "/nix/store/apw0536781h6zszn5nj78x9r35k1npcb-nodejs-slim-22.22.3-dev"
            },
            {
              "name": "libv8",
              "path": "/nix/store/gaaiw62wvn2ai48bw9i6yri6mbflp654-nodejs-slim-22.22.3-libv8"
            },
            {
              "name": "npm",
              "path": "/nix/store/vac0qw464g9y4mxwh45fvfyhamjhz1bs-nodejs-slim-22.22.3-npm"
            }
          ],
          "store_path": "/nix/store/hg9gim17bmvbq53d11p4gp03yfmmb82b-nodejs-slim-22.22.3"
        }
      }
    },
    "python312@3.12.14": {
      "last_modified": "2026-08-27T07:16:00Z",
      "plugin_version": "0.0.5",
      "resolved": "github:NixOS/nixpkgs/c27cdad491a991b11ed731760aa2ef8db0cb0410#python312",
      "source": "devbox-search",
      "version": "3.12.14",
      "systems": {
        "aarch64-darwin": {
          "outputs": [
            {
              "name": "out",
              "path": "/nix/store/p1wfv7znig26m3hns4583cb9va3kzxkg-python3-3.12.14",
              "default": true
            }
          ],
          "store_path": "/nix/store/p1wfv7znig26m3hns4583cb9va3kzxkg-python3-3.12.14"
        },
        "aarch64-linux": {
          "outputs": [
            {
              "name": "out",
              "path": "/nix/store/gsf1fvx39nm1hlj8wq6qr1xjicxnzf2v-python3-3.12.14",
              "default": true
            },
            {
              "name": "debug",
              "path": "/nix/store/n26dkq3a90vpsly3cmpjm7k5bz7i6las-python3-3.12.14-debug"
            }
          ],
          "store_path": "/nix/store/gsf1fvx39nm1hlj8wq6qr1xjicxnzf2v-python3-3.12.14"
        },
        "x86_64-linux": {
          "outputs": [
            {
              "name": "out",
              "path": "/nix/store/9ka5lknbqqg6nzs3zp6qyncf1k3ayz97-python3-3.12.14",
              "default": true
            },
            {
              "name": "debug",
              "path": "/nix/store/ikyc73znayjnlld5rj1mwws9rhi0gaba-python3-3.12.14-debug"
            }
          ],
          "store_path": "/nix/store/9ka5lknbqqg6nzs3zp6qyncf1k3ayz97-python3-3.12.14"
        }
      }
    },
    "yarn@1.22": {
      "last_modified": "2026-04-23T13:07:47Z",
      "resolved": "github:NixOS/nixpkgs/01fbdeef22b76df85ea168fbfe1bfd9e63681b30#yarn",
      "source": "devbox-search",
      "version": "1.22.22",
      "systems": {
        "aarch64-darwin": {
          "outputs": [
            {
              "name": "out",
              "path": "/nix/store/mv0c99igkh2hs9rcp6xq7473ws901byw-yarn-1.22.22",
              "default": true
            }
          ],
          "store_path": "/nix/store/mv0c99igkh2hs9rcp6xq7473ws901byw-yarn-1.22.22"
        },
        "aarch64-linux": {
          "outputs": [
            {
              "name": "out",
              "path": "/nix/store/6763b92297klnng7k1g7n93i09rbffxi-yarn-1.22.22",
              "default": true
            }
          ],
          "store_path": "/nix/store/6763b92297klnng7k1g7n93i09rbffxi-yarn-1.22.22"
        },
        "x86_64-darwin": {
          "outputs": [
            {
              "name": "out",
              "path": "/nix/store/qfva5zmyh99x2vi5axlxk3hncyfwbzmj-yarn-1.22.22",
              "default": true
            }
          ],
          "store_path": "/nix/store/qfva5zmyh99x2vi5axlxk3hncyfwbzmj-yarn-1.22.22"
        },
        "x86_64-linux": {
          "outputs": [
            {
              "name": "out",
              "path": "/nix/store/cmj87b2g1l41mg311w5s68dl4s7c1g1z-yarn-1.22.22",
              "default": true
            }
          ],
          "store_path": "/nix/store/cmj87b2g1l41mg311w5s68dl4s7c1g1z-yarn-1.22.22"
        }
      }
    }
  }
}
